// !$*UTF8*$!
{
	archiveVersion = 1;
	classes = {
	};
	objectVersion = 53;
	objects = {

/* Begin PBXBuildFile section */
		324ED41729A4C17F002D8DFF /* AppDelegate.swift in Sources */ = {isa = PBXBuildFile; fileRef = 324ED41629A4C17F002D8DFF /* AppDelegate.swift */; };
		324ED41929A4C17F002D8DFF /* SceneDelegate.swift in Sources */ = {isa = PBXBuildFile; fileRef = 324ED41829A4C17F002D8DFF /* SceneDelegate.swift */; };
		324ED41B29A4C17F002D8DFF /* ViewController.swift in Sources */ = {isa = PBXBuildFile; fileRef = 324ED41A29A4C17F002D8DFF /* ViewController.swift */; };
		324ED41E29A4C17F002D8DFF /* Main.storyboard in Resources */ = {isa = PBXBuildFile; fileRef = 324ED41C29A4C17F002D8DFF /* Main.storyboard */; };
		324ED42029A4C180002D8DFF /* Assets.xcassets in Resources */ = {isa = PBXBuildFile; fileRef = 324ED41F29A4C180002D8DFF /* Assets.xcassets */; };
		324ED42329A4C180002D8DFF /* LaunchScreen.storyboard in Resources */ = {isa = PBXBuildFile; fileRef = 324ED42129A4C180002D8DFF /* LaunchScreen.storyboard */; };
		CC5C1BEAA9C0F3363A3C2481 /* Pods_ShareSDKDemo.framework in Frameworks */ = {isa = PBXBuildFile; fileRef = 76EB93396D5A2A23CB318DDE /* Pods_ShareSDKDemo.framework */; };
/* End PBXBuildFile section */

/* Begin PBXFileReference section */
		324ED41329A4C17F002D8DFF /* ShareSDKDemo.app */ = {isa = PBXFileReference; explicitFileType = wrapper.application; includeInIndex = 0; path = ShareSDKDemo.app; sourceTree = BUILT_PRODUCTS_DIR; };
		324ED41629A4C17F002D8DFF /* AppDelegate.swift */ = {isa = PBXFileReference; lastKnownFileType = sourcecode.swift; path = AppDelegate.swift; sourceTree = "<group>"; };
		324ED41829A4C17F002D8DFF /* SceneDelegate.swift */ = {isa = PBXFileReference; lastKnownFileType = sourcecode.swift; path = SceneDelegate.swift; sourceTree = "<group>"; };
		324ED41A29A4C17F002D8DFF /* ViewController.swift */ = {isa = PBXFileReference; lastKnownFileType = sourcecode.swift; path = ViewController.swift; sourceTree = "<group>"; };
		324ED41D29A4C17F002D8DFF /* Base */ = {isa = PBXFileReference; lastKnownFileType = file.storyboard; name = Base; path = Base.lproj/Main.storyboard; sourceTree = "<group>"; };
		324ED41F29A4C180002D8DFF /* Assets.xcassets */ = {isa = PBXFileReference; lastKnownFileType = folder.assetcatalog; path = Assets.xcassets; sourceTree = "<group>"; };
		324ED42229A4C180002D8DFF /* Base */ = {isa = PBXFileReference; lastKnownFileType = file.storyboard; name = Base; path = Base.lproj/LaunchScreen.storyboard; sourceTree = "<group>"; };
		324ED42429A4C180002D8DFF /* Info.plist */ = {isa = PBXFileReference; lastKnownFileType = text.plist.xml; path = Info.plist; sourceTree = "<group>"; };
		324ED42A29A4E314002D8DFF /* ShareSDKDemo.entitlements */ = {isa = PBXFileReference; lastKnownFileType = text.plist.entitlements; path = ShareSDKDemo.entitlements; sourceTree = "<group>"; };
		76EB93396D5A2A23CB318DDE /* Pods_ShareSDKDemo.framework */ = {isa = PBXFileReference; explicitFileType = wrapper.framework; includeInIndex = 0; path = Pods_ShareSDKDemo.framework; sourceTree = BUILT_PRODUCTS_DIR; };
		E2251A948B7B8EEC901C0540 /* Pods-ShareSDKDemo.release.xcconfig */ = {isa = PBXFileReference; includeInIndex = 1; lastKnownFileType = text.xcconfig; name = "Pods-ShareSDKDemo.release.xcconfig"; path = "Target Support Files/Pods-ShareSDKDemo/Pods-ShareSDKDemo.release.xcconfig"; sourceTree = "<group>"; };
		EB493F944B2FA1BD2979E1BC /* Pods-ShareSDKDemo.debug.xcconfig */ = {isa = PBXFileReference; includeInIndex = 1; lastKnownFileType = text.xcconfig; name = "Pods-ShareSDKDemo.debug.xcconfig"; path = "Target Support Files/Pods-ShareSDKDemo/Pods-ShareSDKDemo.debug.xcconfig"; sourceTree = "<group>"; };
/* End PBXFileReference section */

/* Begin PBXFrameworksBuildPhase section */
		324ED41029A4C17F002D8DFF /* Frameworks */ = {
			isa = PBXFrameworksBuildPhase;
			buildActionMask = 2147483647;
			files = (
				CC5C1BEAA9C0F3363A3C2481 /* Pods_ShareSDKDemo.framework in Frameworks */,
			);
			runOnlyForDeploymentPostprocessing = 0;
		};
/* End PBXFrameworksBuildPhase section */

/* Begin PBXGroup section */
		324ED40A29A4C17F002D8DFF = {
			isa = PBXGroup;
			children = (
				324ED41529A4C17F002D8DFF /* ShareSDKDemo */,
				324ED41429A4C17F002D8DFF /* Products */,
				3720D10622ECDCFED984B8D0 /* Pods */,
				D3478301E1C84B99F25A67F2 /* Frameworks */,
			);
			sourceTree = "<group>";
		};
		324ED41429A4C17F002D8DFF /* Products */ = {
			isa = PBXGroup;
			children = (
				324ED41329A4C17F002D8DFF /* ShareSDKDemo.app */,
			);
			name = Products;
			sourceTree = "<group>";
		};
		324ED41529A4C17F002D8DFF /* ShareSDKDemo */ = {
			isa = PBXGroup;
			children = (
				324ED42A29A4E314002D8DFF /* ShareSDKDemo.entitlements */,
				324ED41629A4C17F002D8DFF /* AppDelegate.swift */,
				324ED41829A4C17F002D8DFF /* SceneDelegate.swift */,
				324ED41A29A4C17F002D8DFF /* ViewController.swift */,
				324ED41C29A4C17F002D8DFF /* Main.storyboard */,
				324ED41F29A4C180002D8DFF /* Assets.xcassets */,
				324ED42129A4C180002D8DFF /* LaunchScreen.storyboard */,
				324ED42429A4C180002D8DFF /* Info.plist */,
			);
			path = ShareSDKDemo;
			sourceTree = "<group>";
		};
		3720D10622ECDCFED984B8D0 /* Pods */ = {
			isa = PBXGroup;
			children = (
				EB493F944B2FA1BD2979E1BC /* Pods-ShareSDKDemo.debug.xcconfig */,
				E2251A948B7B8EEC901C0540 /* Pods-ShareSDKDemo.release.xcconfig */,
			);
			path = Pods;
			sourceTree = "<group>";
		};
		D3478301E1C84B99F25A67F2 /* Frameworks */ = {
			isa = PBXGroup;
			children = (
				76EB93396D5A2A23CB318DDE /* Pods_ShareSDKDemo.framework */,
			);
			name = Frameworks;
			sourceTree = "<group>";
		};
/* End PBXGroup section */

/* Begin PBXNativeTarget section */
		324ED41229A4C17F002D8DFF /* ShareSDKDemo */ = {
			isa = PBXNativeTarget;
			buildConfigurationList = 324ED42729A4C180002D8DFF /* Build configuration list for PBXNativeTarget "ShareSDKDemo" */;
			buildPhases = (
				F8E9E8C672C430DEE9FB242D /* [CP] Check Pods Manifest.lock */,
				324ED40F29A4C17F002D8DFF /* Sources */,
				324ED41029A4C17F002D8DFF /* Frameworks */,
				324ED41129A4C17F002D8DFF /* Resources */,
				EB05FCD43F2EE182D5E83635 /* [CP] Copy Pods Resources */,
			);
			buildRules = (
			);
			dependencies = (
			);
			name = ShareSDKDemo;
			productName = ShareSDKDemo;
			productReference = 324ED41329A4C17F002D8DFF /* ShareSDKDemo.app */;
			productType = "com.apple.product-type.application";
		};
/* End PBXNativeTarget section */

/* Begin PBXProject section */
		324ED40B29A4C17F002D8DFF /* Project object */ = {
			isa = PBXProject;
			attributes = {
				BuildIndependentTargetsInParallel = 1;
				LastSwiftUpdateCheck = 1420;
				LastUpgradeCheck = 1420;
				TargetAttributes = {
					324ED41229A4C17F002D8DFF = {
						CreatedOnToolsVersion = 14.2;
					};
				};
			};
			buildConfigurationList = 324ED40E29A4C17F002D8DFF /* Build configuration list for PBXProject "ShareSDKDemo" */;
			compatibilityVersion = "Xcode 11.4";
			developmentRegion = en;
			hasScannedForEncodings = 0;
			knownRegions = (
				en,
				Base,
			);
			mainGroup = 324ED40A29A4C17F002D8DFF;
			productRefGroup = 324ED41429A4C17F002D8DFF /* Products */;
			projectDirPath = "";
			projectRoot = "";
			targets = (
				324ED41229A4C17F002D8DFF /* ShareSDKDemo */,
			);
		};
/* End PBXProject section */

/* Begin PBXResourcesBuildPhase section */
		324ED41129A4C17F002D8DFF /* Resources */ = {
			isa = PBXResourcesBuildPhase;
			buildActionMask = 2147483647;
			files = (
				324ED42329A4C180002D8DFF /* LaunchScreen.storyboard in Resources */,
				324ED42029A4C180002D8DFF /* Assets.xcassets in Resources */,
				324ED41E29A4C17F002D8DFF /* Main.storyboard in Resources */,
			);
			runOnlyForDeploymentPostprocessing = 0;
		};
/* End PBXResourcesBuildPhase section */

/* Begin PBXShellScriptBuildPhase section */
		EB05FCD43F2EE182D5E83635 /* [CP] Copy Pods Resources */ = {
			isa = PBXShellScriptBuildPhase;
			buildActionMask = 2147483647;
			files = (
			);
			inputFileListPaths = (
				"${PODS_ROOT}/Target Support Files/Pods-ShareSDKDemo/Pods-ShareSDKDemo-resources-${CONFIGURATION}-input-files.xcfilelist",
			);
			name = "[CP] Copy Pods Resources";
			outputFileListPaths = (
				"${PODS_ROOT}/Target Support Files/Pods-ShareSDKDemo/Pods-ShareSDKDemo-resources-${CONFIGURATION}-output-files.xcfilelist",
			);
			runOnlyForDeploymentPostprocessing = 0;
			shellPath = /bin/sh;
			shellScript = "\"${PODS_ROOT}/Target Support Files/Pods-ShareSDKDemo/Pods-ShareSDKDemo-resources.sh\"\n";
			showEnvVarsInLog = 0;
		};
		F8E9E8C672C430DEE9FB242D /* [CP] Check Pods Manifest.lock */ = {
			isa = PBXShellScriptBuildPhase;
			buildActionMask = 2147483647;
			files = (
			);
			inputFileListPaths = (
			);
			inputPaths = (
				"${PODS_PODFILE_DIR_PATH}/Podfile.lock",
				"${PODS_ROOT}/Manifest.lock",
			);
			name = "[CP] Check Pods Manifest.lock";
			outputFileListPaths = (
			);
			outputPaths = (
				"$(DERIVED_FILE_DIR)/Pods-ShareSDKDemo-checkManifestLockResult.txt",
			);
			runOnlyForDeploymentPostprocessing = 0;
			shellPath = /bin/sh;
			shellScript = "diff \"${PODS_PODFILE_DIR_PATH}/Podfile.lock\" \"${PODS_ROOT}/Manifest.lock\" > /dev/null\nif [ $? != 0 ] ; then\n    # print error to STDERR\n    echo \"error: The sandbox is not in sync with the Podfile.lock. Run 'pod install' or update your CocoaPods installation.\" >&2\n    exit 1\nfi\n# This output is used by Xcode 'outputs' to avoid re-running this script phase.\necho \"SUCCESS\" > \"${SCRIPT_OUTPUT_FILE_0}\"\n";
			showEnvVarsInLog = 0;
		};
/* End PBXShellScriptBuildPhase section */

/* Begin PBXSourcesBuildPhase section */
		324ED40F29A4C17F002D8DFF /* Sources */ = {
			isa = PBXSourcesBuildPhase;
			buildActionMask = 2147483647;
			files = (
				324ED41B29A4C17F002D8DFF /* ViewController.swift in Sources */,
				324ED41729A4C17F002D8DFF /* AppDelegate.swift in Sources */,
				324ED41929A4C17F002D8DFF /* SceneDelegate.swift in Sources */,
			);
			runOnlyForDeploymentPostprocessing = 0;
		};
/* End PBXSourcesBuildPhase section */

/* Begin PBXVariantGroup section */
		324ED41C29A4C17F002D8DFF /* Main.storyboard */ = {
			isa = PBXVariantGroup;
			children = (
				324ED41D29A4C17F002D8DFF /* Base */,
			);
			name = Main.storyboard;
			sourceTree = "<group>";
		};
		324ED42129A4C180002D8DFF /* LaunchScreen.storyboard */ = {
			isa = PBXVariantGroup;
			children = (
				324ED42229A4C180002D8DFF /* Base */,
			);
			name = LaunchScreen.storyboard;
			sourceTree = "<group>";
		};
/* End PBXVariantGroup section */

/* Begin XCBuildConfiguration section */
		324ED42529A4C180002D8DFF /* Debug */ = {
			isa = XCBuildConfiguration;
			buildSettings = {
				ALWAYS_SEARCH_USER_PATHS = NO;
				CLANG_ANALYZER_NONNULL = YES;
				CLANG_ANALYZER_NUMBER_OBJECT_CONVERSION = YES_AGGRESSIVE;
				CLANG_CXX_LANGUAGE_STANDARD = "gnu++20";
				CLANG_ENABLE_MODULES = YES;
				CLANG_ENABLE_OBJC_ARC = YES;
				CLANG_ENABLE_OBJC_WEAK = YES;
				CLANG_WARN_BLOCK_CAPTURE_AUTORELEASING = YES;
				CLANG_WARN_BOOL_CONVERSION = YES;
				CLANG_WARN_COMMA = YES;
				CLANG_WARN_CONSTANT_CONVERSION = YES;
				CLANG_WARN_DEPRECATED_OBJC_IMPLEMENTATIONS = YES;
				CLANG_WARN_DIRECT_OBJC_ISA_USAGE = YES_ERROR;
				CLANG_WARN_DOCUMENTATION_COMMENTS = YES;
				CLANG_WARN_EMPTY_BODY = YES;
				CLANG_WARN_ENUM_CONVERSION = YES;
				CLANG_WARN_INFINITE_RECURSION = YES;
				CLANG_WARN_INT_CONVERSION = YES;
				CLANG_WARN_NON_LITERAL_NULL_CONVERSION = YES;
				CLANG_WARN_OBJC_IMPLICIT_RETAIN_SELF = YES;
				CLANG_WARN_OBJC_LITERAL_CONVERSION = YES;
				CLANG_WARN_OBJC_ROOT_CLASS = YES_ERROR;
				CLANG_WARN_QUOTED_INCLUDE_IN_FRAMEWORK_HEADER = YES;
				CLANG_WARN_RANGE_LOOP_ANALYSIS = YES;
				CLANG_WARN_STRICT_PROTOTYPES = YES;
				CLANG_WARN_SUSPICIOUS_MOVE = YES;
				CLANG_WARN_UNGUARDED_AVAILABILITY = YES_AGGRESSIVE;
				CLANG_WARN_UNREACHABLE_CODE = YES;
				CLANG_WARN__DUPLICATE_METHOD_MATCH = YES;
				COPY_PHASE_STRIP = NO;
				DEBUG_INFORMATION_FORMAT = dwarf;
				ENABLE_STRICT_OBJC_MSGSEND = YES;
				ENABLE_TESTABILITY = YES;
				GCC_C_LANGUAGE_STANDARD = gnu11;
				GCC_DYNAMIC_NO_PIC = NO;
				GCC_NO_COMMON_BLOCKS = YES;
				GCC_OPTIMIZATION_LEVEL = 0;
				GCC_PREPROCESSOR_DEFINITIONS = (
					"DEBUG=1",
					"$(inherited)",
				);
				GCC_WARN_64_TO_32_BIT_CONVERSION = YES;
				GCC_WARN_ABOUT_RETURN_TYPE = YES_ERROR;
				GCC_WARN_UNDECLARED_SELECTOR = YES;
				GCC_WARN_UNINITIALIZED_AUTOS = YES_AGGRESSIVE;
				GCC_WARN_UNUSED_FUNCTION = YES;
				GCC_WARN_UNUSED_VARIABLE = YES;
				IPHONEOS_DEPLOYMENT_TARGET = 16.2;
				MTL_ENABLE_DEBUG_INFO = INCLUDE_SOURCE;
				MTL_FAST_MATH = YES;
				ONLY_ACTIVE_ARCH = YES;
				SDKROOT = iphoneos;
				SWIFT_ACTIVE_COMPILATION_CONDITIONS = DEBUG;
				SWIFT_OPTIMIZATION_LEVEL = "-Onone";
			};
			name = Debug;
		};
		324ED42629A4C180002D8DFF /* Release */ = {
			isa = XCBuildConfiguration;
			buildSettings = {
				ALWAYS_SEARCH_USER_PATHS = NO;
				CLANG_ANALYZER_NONNULL = YES;
				CLANG_ANALYZER_NUMBER_OBJECT_CONVERSION = YES_AGGRESSIVE;
				CLANG_CXX_LANGUAGE_STANDARD = "gnu++20";
				CLANG_ENABLE_MODULES = YES;
				CLANG_ENABLE_OBJC_ARC = YES;
				CLANG_ENABLE_OBJC_WEAK = YES;
				CLANG_WARN_BLOCK_CAPTURE_AUTORELEASING = YES;
				CLANG_WARN_BOOL_CONVERSION = YES;
				CLANG_WARN_COMMA = YES;
				CLANG_WARN_CONSTANT_CONVERSION = YES;
				CLANG_WARN_DEPRECATED_OBJC_IMPLEMENTATIONS = YES;
				CLANG_WARN_DIRECT_OBJC_ISA_USAGE = YES_ERROR;
				CLANG_WARN_DOCUMENTATION_COMMENTS = YES;
				CLANG_WARN_EMPTY_BODY = YES;
				CLANG_WARN_ENUM_CONVERSION = YES;
				CLANG_WARN_INFINITE_RECURSION = YES;
				CLANG_WARN_INT_CONVERSION = YES;
				CLANG_WARN_NON_LITERAL_NULL_CONVERSION = YES;
				CLANG_WARN_OBJC_IMPLICIT_RETAIN_SELF = YES;
				CLANG_WARN_OBJC_LITERAL_CONVERSION = YES;
				CLANG_WARN_OBJC_ROOT_CLASS = YES_ERROR;
				CLANG_WARN_QUOTED_INCLUDE_IN_FRAMEWORK_HEADER = YES;
				CLANG_WARN_RANGE_LOOP_ANALYSIS = YES;
				CLANG_WARN_STRICT_PROTOTYPES = YES;
				CLANG_WARN_SUSPICIOUS_MOVE = YES;
				CLANG_WARN_UNGUARDED_AVAILABILITY = YES_AGGRESSIVE;
				CLANG_WARN_UNREACHABLE_CODE = YES;
				CLANG_WARN__DUPLICATE_METHOD_MATCH = YES;
				COPY_PHASE_STRIP = NO;
				DEBUG_INFORMATION_FORMAT = "dwarf-with-dsym";
				ENABLE_NS_ASSERTIONS = NO;
				ENABLE_STRICT_OBJC_MSGSEND = YES;
				GCC_C_LANGUAGE_STANDARD = gnu11;
				GCC_NO_COMMON_BLOCKS = YES;
				GCC_WARN_64_TO_32_BIT_CONVERSION = YES;
				GCC_WARN_ABOUT_RETURN_TYPE = YES_ERROR;
				GCC_WARN_UNDECLARED_SELECTOR = YES;
				GCC_WARN_UNINITIALIZED_AUTOS = YES_AGGRESSIVE;
				GCC_WARN_UNUSED_FUNCTION = YES;
				GCC_WARN_UNUSED_VARIABLE = YES;
				IPHONEOS_DEPLOYMENT_TARGET = 16.2;
				MTL_ENABLE_DEBUG_INFO = NO;
				MTL_FAST_MATH = YES;
				SDKROOT = iphoneos;
				SWIFT_COMPILATION_MODE = wholemodule;
				SWIFT_OPTIMIZATION_LEVEL = "-O";
				VALIDATE_PRODUCT = YES;
			};
			name = Release;
		};
		324ED42829A4C180002D8DFF /* Debug */ = {
			isa = XCBuildConfiguration;
			baseConfigurationReference = EB493F944B2FA1BD2979E1BC /* Pods-ShareSDKDemo.debug.xcconfig */;
			buildSettings = {
				ASSETCATALOG_COMPILER_APPICON_NAME = AppIcon;
				ASSETCATALOG_COMPILER_GLOBAL_ACCENT_COLOR_NAME = AccentColor;
				CODE_SIGN_ENTITLEMENTS = ShareSDKDemo/ShareSDKDemo.entitlements;
				CODE_SIGN_STYLE = Manual;
				CURRENT_PROJECT_VERSION = 1;
				DEVELOPMENT_TEAM = "";
				GENERATE_INFOPLIST_FILE = YES;
				INFOPLIST_FILE = ShareSDKDemo/Info.plist;
				INFOPLIST_KEY_UIApplicationSupportsIndirectInputEvents = YES;
				INFOPLIST_KEY_UILaunchStoryboardName = LaunchScreen;
				INFOPLIST_KEY_UIMainStoryboardFile = Main;
				INFOPLIST_KEY_UISupportedInterfaceOrientations_iPad = "UIInterfaceOrientationPortrait UIInterfaceOrientationPortraitUpsideDown UIInterfaceOrientationLandscapeLeft UIInterfaceOrientationLandscapeRight";
				INFOPLIST_KEY_UISupportedInterfaceOrientations_iPhone = "UIInterfaceOrientationPortrait UIInterfaceOrientationLandscapeLeft UIInterfaceOrientationLandscapeRight";
				LD_RUNPATH_SEARCH_PATHS = (
					"$(inherited)",
					"@executable_path/Frameworks",
				);
				MARKETING_VERSION = 1.0;
				PRODUCT_BUNDLE_IDENTIFIER = com.chindle.shareSDKDemo;
				PRODUCT_NAME = "$(TARGET_NAME)";
				PROVISIONING_PROFILE_SPECIFIER = "";
				SWIFT_EMIT_LOC_STRINGS = YES;
				SWIFT_VERSION = 5.0;
				TARGETED_DEVICE_FAMILY = "1,2";
			};
			name = Debug;
		};
		324ED42929A4C180002D8DFF /* Release */ = {
			isa = XCBuildConfiguration;
			baseConfigurationReference = E2251A948B7B8EEC901C0540 /* Pods-ShareSDKDemo.release.xcconfig */;
			buildSettings = {
				ASSETCATALOG_COMPILER_APPICON_NAME = AppIcon;
				ASSETCATALOG_COMPILER_GLOBAL_ACCENT_COLOR_NAME = AccentColor;
				CODE_SIGN_ENTITLEMENTS = ShareSDKDemo/ShareSDKDemo.entitlements;
				CODE_SIGN_STYLE = Manual;
				CURRENT_PROJECT_VERSION = 1;
				DEVELOPMENT_TEAM = "";
				GENERATE_INFOPLIST_FILE = YES;
				INFOPLIST_FILE = ShareSDKDemo/Info.plist;
				INFOPLIST_KEY_UIApplicationSupportsIndirectInputEvents = YES;
				INFOPLIST_KEY_UILaunchStoryboardName = LaunchScreen;
				INFOPLIST_KEY_UIMainStoryboardFile = Main;
				INFOPLIST_KEY_UISupportedInterfaceOrientations_iPad = "UIInterfaceOrientationPortrait UIInterfaceOrientationPortraitUpsideDown UIInterfaceOrientationLandscapeLeft UIInterfaceOrientationLandscapeRight";
				INFOPLIST_KEY_UISupportedInterfaceOrientations_iPhone = "UIInterfaceOrientationPortrait UIInterfaceOrientationLandscapeLeft UIInterfaceOrientationLandscapeRight";
				LD_RUNPATH_SEARCH_PATHS = (
					"$(inherited)",
					"@executable_path/Frameworks",
				);
				MARKETING_VERSION = 1.0;
				PRODUCT_BUNDLE_IDENTIFIER = com.chindle.shareSDKDemo;
				PRODUCT_NAME = "$(TARGET_NAME)";
				PROVISIONING_PROFILE_SPECIFIER = "";
				SWIFT_EMIT_LOC_STRINGS = YES;
				SWIFT_VERSION = 5.0;
				TARGETED_DEVICE_FAMILY = "1,2";
			};
			name = Release;
		};
/* End XCBuildConfiguration section */

/* Begin XCConfigurationList section */
		324ED40E29A4C17F002D8DFF /* Build configuration list for PBXProject "ShareSDKDemo" */ = {
			isa = XCConfigurationList;
			buildConfigurations = (
				324ED42529A4C180002D8DFF /* Debug */,
				324ED42629A4C180002D8DFF /* Release */,
			);
			defaultConfigurationIsVisible = 0;
			defaultConfigurationName = Release;
		};
		324ED42729A4C180002D8DFF /* Build configuration list for PBXNativeTarget "ShareSDKDemo" */ = {
			isa = XCConfigurationList;
			buildConfigurations = (
				324ED42829A4C180002D8DFF /* Debug */,
				324ED42929A4C180002D8DFF /* Release */,
			);
			defaultConfigurationIsVisible = 0;
			defaultConfigurationName = Release;
		};
/* End XCConfigurationList section */
	};
	rootObject = 324ED40B29A4C17F002D8DFF /* Project object */;
}
